// !$*UTF8*$!
{
	archiveVersion = 1;
	classes = {
	};
	objectVersion = 56;
	objects = {

/* Begin PBXBuildFile section */
		F1DBF2472C48BBE10017764B /* SOSSDK.docc in Sources */ = {isa = PBXBuildFile; fileRef = F1DBF2462C48BBE10017764B /* SOSSDK.docc */; };
		F1DBF24D2C48BBE10017764B /* SOSSDK.framework in Frameworks */ = {isa = PBXBuildFile; fileRef = F1DBF2422C48BBE10017764B /* SOSSDK.framework */; };
		F1DBF2522C48BBE10017764B /* SOSSDKTests.m in Sources */ = {isa = PBXBuildFile; fileRef = F1DBF2512C48BBE10017764B /* SOSSDKTests.m */; };
		F1DBF2532C48BBE10017764B /* SOSSDK.h in Headers */ = {isa = PBXBuildFile; fileRef = F1DBF2452C48BBE10017764B /* SOSSDK.h */; settings = {ATTRIBUTES = (Public, ); }; };
/* End PBXBuildFile section */

/* Begin PBXContainerItemProxy section */
		F1DBF24E2C48BBE10017764B /* PBXContainerItemProxy */ = {
			isa = PBXContainerItemProxy;
			containerPortal = F1DBF2392C48BBE10017764B /* Project object */;
			proxyType = 1;
			remoteGlobalIDString = F1DBF2412C48BBE10017764B;
			remoteInfo = SOSSDK;
		};
/* End PBXContainerItemProxy section */

/* Begin PBXFileReference section */
		F1DBF2422C48BBE10017764B /* SOSSDK.framework */ = {isa = PBXFileReference; explicitFileType = wrapper.framework; includeInIndex = 0; path = SOSSDK.framework; sourceTree = BUILT_PRODUCTS_DIR; };
		F1DBF2452C48BBE10017764B /* SOSSDK.h */ = {isa = PBXFileReference; lastKnownFileType = sourcecode.c.h; path = SOSSDK.h; sourceTree = "<group>"; };
		F1DBF2462C48BBE10017764B /* SOSSDK.docc */ = {isa = PBXFileReference; lastKnownFileType = folder.documentationcatalog; path = SOSSDK.docc; sourceTree = "<group>"; };
		F1DBF24C2C48BBE10017764B /* SOSSDKTests.xctest */ = {isa = PBXFileReference; explicitFileType = wrapper.cfbundle; includeInIndex = 0; path = SOSSDKTests.xctest; sourceTree = BUILT_PRODUCTS_DIR; };
		F1DBF2512C48BBE10017764B /* SOSSDKTests.m */ = {isa = PBXFileReference; lastKnownFileType = sourcecode.c.objc; path = SOSSDKTests.m; sourceTree = "<group>"; };
/* End PBXFileReference section */

/* Begin PBXFrameworksBuildPhase section */
		F1DBF23F2C48BBE10017764B /* Frameworks */ = {
			isa = PBXFrameworksBuildPhase;
			buildActionMask = 2147483647;
			files = (
			);
			runOnlyForDeploymentPostprocessing = 0;
		};
		F1DBF2492C48BBE10017764B /* Frameworks */ = {
			isa = PBXFrameworksBuildPhase;
			buildActionMask = 2147483647;
			files = (
				F1DBF24D2C48BBE10017764B /* SOSSDK.framework in Frameworks */,
			);
			runOnlyForDeploymentPostprocessing = 0;
		};
/* End PBXFrameworksBuildPhase section */

/* Begin PBXGroup section */
		F1DBF2382C48BBE10017764B = {
			isa = PBXGroup;
			children = (
				F1DBF2442C48BBE10017764B /* SOSSDK */,
				F1DBF2502C48BBE10017764B /* SOSSDKTests */,
				F1DBF2432C48BBE10017764B /* Products */,
			);
			sourceTree = "<group>";
		};
		F1DBF2432C48BBE10017764B /* Products */ = {
			isa = PBXGroup;
			children = (
				F1DBF2422C48BBE10017764B /* SOSSDK.framework */,
				F1DBF24C2C48BBE10017764B /* SOSSDKTests.xctest */,
			);
			name = Products;
			sourceTree = "<group>";
		};
		F1DBF2442C48BBE10017764B /* SOSSDK */ = {
			isa = PBXGroup;
			children = (
				F1DBF2452C48BBE10017764B /* SOSSDK.h */,
				F1DBF2462C48BBE10017764B /* SOSSDK.docc */,
			);
			path = SOSSDK;
			sourceTree = "<group>";
		};
		F1DBF2502C48BBE10017764B /* SOSSDKTests */ = {
			isa = PBXGroup;
			children = (
				F1DBF2512C48BBE10017764B /* SOSSDKTests.m */,
			);
			path = SOSSDKTests;
			sourceTree = "<group>";
		};
/* End PBXGroup section */

/* Begin PBXHeadersBuildPhase section */
		F1DBF23D2C48BBE10017764B /* Headers */ = {
			isa = PBXHeadersBuildPhase;
			buildActionMask = 2147483647;
			files = (
				F1DBF2532C48BBE10017764B /* SOSSDK.h in Headers */,
			);
			runOnlyForDeploymentPostprocessing = 0;
		};
/* End PBXHeadersBuildPhase section */

/* Begin PBXNativeTarget section */
		F1DBF2412C48BBE10017764B /* SOSSDK */ = {
			isa = PBXNativeTarget;
			buildConfigurationList = F1DBF2562C48BBE10017764B /* Build configuration list for PBXNativeTarget "SOSSDK" */;
			buildPhases = (
				F1DBF23D2C48BBE10017764B /* Headers */,
				F1DBF23E2C48BBE10017764B /* Sources */,
				F1DBF23F2C48BBE10017764B /* Frameworks */,
				F1DBF2402C48BBE10017764B /* Resources */,
			);
			buildRules = (
			);
			dependencies = (
			);
			name = SOSSDK;
			productName = SOSSDK;
			productReference = F1DBF2422C48BBE10017764B /* SOSSDK.framework */;
			productType = "com.apple.product-type.framework";
		};
		F1DBF24B2C48BBE10017764B /* SOSSDKTests */ = {
			isa = PBXNativeTarget;
			buildConfigurationList = F1DBF2592C48BBE10017764B /* Build configuration list for PBXNativeTarget "SOSSDKTests" */;
			buildPhases = (
				F1DBF2482C48BBE10017764B /* Sources */,
				F1DBF2492C48BBE10017764B /* Frameworks */,
				F1DBF24A2C48BBE10017764B /* Resources */,
			);
			buildRules = (
			);
			dependencies = (
				F1DBF24F2C48BBE10017764B /* PBXTargetDependency */,
			);
			name = SOSSDKTests;
			productName = SOSSDKTests;
			productReference = F1DBF24C2C48BBE10017764B /* SOSSDKTests.xctest */;
			productType = "com.apple.product-type.bundle.unit-test";
		};
/* End PBXNativeTarget section */

/* Begin PBXProject section */
		F1DBF2392C48BBE10017764B /* Project object */ = {
			isa = PBXProject;
			attributes = {
				BuildIndependentTargetsInParallel = 1;
				LastUpgradeCheck = 1520;
				TargetAttributes = {
					F1DBF2412C48BBE10017764B = {
						CreatedOnToolsVersion = 15.2;
					};
					F1DBF24B2C48BBE10017764B = {
						CreatedOnToolsVersion = 15.2;
					};
				};
			};
			buildConfigurationList = F1DBF23C2C48BBE10017764B /* Build configuration list for PBXProject "SOSSDK" */;
			compatibilityVersion = "Xcode 14.0";
			developmentRegion = en;
			hasScannedForEncodings = 0;
			knownRegions = (
				en,
				Base,
			);
			mainGroup = F1DBF2382C48BBE10017764B;
			productRefGroup = F1DBF2432C48BBE10017764B /* Products */;
			projectDirPath = "";
			projectRoot = "";
			targets = (
				F1DBF2412C48BBE10017764B /* SOSSDK */,
				F1DBF24B2C48BBE10017764B /* SOSSDKTests */,
			);
		};
/* End PBXProject section */

/* Begin PBXResourcesBuildPhase section */
		F1DBF2402C48BBE10017764B /* Resources */ = {
			isa = PBXResourcesBuildPhase;
			buildActionMask = 2147483647;
			files = (
			);
			runOnlyForDeploymentPostprocessing = 0;
		};
		F1DBF24A2C48BBE10017764B /* Resources */ = {
			isa = PBXResourcesBuildPhase;
			buildActionMask = 2147483647;
			files = (
			);
			runOnlyForDeploymentPostprocessing = 0;
		};
/* End PBXResourcesBuildPhase section */

/* Begin PBXSourcesBuildPhase section */
		F1DBF23E2C48BBE10017764B /* Sources */ = {
			isa = PBXSourcesBuildPhase;
			buildActionMask = 2147483647;
			files = (
				F1DBF2472C48BBE10017764B /* SOSSDK.docc in Sources */,
			);
			runOnlyForDeploymentPostprocessing = 0;
		};
		F1DBF2482C48BBE10017764B /* Sources */ = {
			isa = PBXSourcesBuildPhase;
			buildActionMask = 2147483647;
			files = (
				F1DBF2522C48BBE10017764B /* SOSSDKTests.m in Sources */,
			);
			runOnlyForDeploymentPostprocessing = 0;
		};
/* End PBXSourcesBuildPhase section */

/* Begin PBXTargetDependency section */
		F1DBF24F2C48BBE10017764B /* PBXTargetDependency */ = {
			isa = PBXTargetDependency;
			target = F1DBF2412C48BBE10017764B /* SOSSDK */;
			targetProxy = F1DBF24E2C48BBE10017764B /* PBXContainerItemProxy */;
		};
/* End PBXTargetDependency section */

/* Begin XCBuildConfiguration section */
		F1DBF2542C48BBE10017764B /* Debug */ = {
			isa = XCBuildConfiguration;
			buildSettings = {
				ALWAYS_SEARCH_USER_PATHS = NO;
				ASSETCATALOG_COMPILER_GENERATE_SWIFT_ASSET_SYMBOL_EXTENSIONS = YES;
				CLANG_ANALYZER_NONNULL = YES;
				CLANG_ANALYZER_NUMBER_OBJECT_CONVERSION = YES_AGGRESSIVE;
				CLANG_CXX_LANGUAGE_STANDARD = "gnu++20";
				CLANG_ENABLE_MODULES = YES;
				CLANG_ENABLE_OBJC_ARC = YES;
				CLANG_ENABLE_OBJC_WEAK = YES;
				CLANG_WARN_BLOCK_CAPTURE_AUTORELEASING = YES;
				CLANG_WARN_BOOL_CONVERSION = YES;
				CLANG_WARN_COMMA = YES;
				CLANG_WARN_CONSTANT_CONVERSION = YES;
				CLANG_WARN_DEPRECATED_OBJC_IMPLEMENTATIONS = YES;
				CLANG_WARN_DIRECT_OBJC_ISA_USAGE = YES_ERROR;
				CLANG_WARN_DOCUMENTATION_COMMENTS = YES;
				CLANG_WARN_EMPTY_BODY = YES;
				CLANG_WARN_ENUM_CONVERSION = YES;
				CLANG_WARN_INFINITE_RECURSION = YES;
				CLANG_WARN_INT_CONVERSION = YES;
				CLANG_WARN_NON_LITERAL_NULL_CONVERSION = YES;
				CLANG_WARN_OBJC_IMPLICIT_RETAIN_SELF = YES;
				CLANG_WARN_OBJC_LITERAL_CONVERSION = YES;
				CLANG_WARN_OBJC_ROOT_CLASS = YES_ERROR;
				CLANG_WARN_QUOTED_INCLUDE_IN_FRAMEWORK_HEADER = YES;
				CLANG_WARN_RANGE_LOOP_ANALYSIS = YES;
				CLANG_WARN_STRICT_PROTOTYPES = YES;
				CLANG_WARN_SUSPICIOUS_MOVE = YES;
				CLANG_WARN_UNGUARDED_AVAILABILITY = YES_AGGRESSIVE;
				CLANG_WARN_UNREACHABLE_CODE = YES;
				CLANG_WARN__DUPLICATE_METHOD_MATCH = YES;
				COPY_PHASE_STRIP = NO;
				CURRENT_PROJECT_VERSION = 1;
				DEBUG_INFORMATION_FORMAT = dwarf;
				ENABLE_STRICT_OBJC_MSGSEND = YES;
				ENABLE_TESTABILITY = YES;
				ENABLE_USER_SCRIPT_SANDBOXING = YES;
				GCC_C_LANGUAGE_STANDARD = gnu17;
				GCC_DYNAMIC_NO_PIC = NO;
				GCC_NO_COMMON_BLOCKS = YES;
				GCC_OPTIMIZATION_LEVEL = 0;
				GCC_PREPROCESSOR_DEFINITIONS = (
					"DEBUG=1",
					"$(inherited)",
				);
				GCC_WARN_64_TO_32_BIT_CONVERSION = YES;
				GCC_WARN_ABOUT_RETURN_TYPE = YES_ERROR;
				GCC_WARN_UNDECLARED_SELECTOR = YES;
				GCC_WARN_UNINITIALIZED_AUTOS = YES_AGGRESSIVE;
				GCC_WARN_UNUSED_FUNCTION = YES;
				GCC_WARN_UNUSED_VARIABLE = YES;
				IPHONEOS_DEPLOYMENT_TARGET = 17.2;
				LOCALIZATION_PREFERS_STRING_CATALOGS = YES;
				MTL_ENABLE_DEBUG_INFO = INCLUDE_SOURCE;
				MTL_FAST_MATH = YES;
				ONLY_ACTIVE_ARCH = YES;
				SDKROOT = iphoneos;
				VERSIONING_SYSTEM = "apple-generic";
				VERSION_INFO_PREFIX = "";
			};
			name = Debug;
		};
		F1DBF2552C48BBE10017764B /* Release */ = {
			isa = XCBuildConfiguration;
			buildSettings = {
				ALWAYS_SEARCH_USER_PATHS = NO;
				ASSETCATALOG_COMPILER_GENERATE_SWIFT_ASSET_SYMBOL_EXTENSIONS = YES;
				CLANG_ANALYZER_NONNULL = YES;
				CLANG_ANALYZER_NUMBER_OBJECT_CONVERSION = YES_AGGRESSIVE;
				CLANG_CXX_LANGUAGE_STANDARD = "gnu++20";
				CLANG_ENABLE_MODULES = YES;
				CLANG_ENABLE_OBJC_ARC = YES;
				CLANG_ENABLE_OBJC_WEAK = YES;
				CLANG_WARN_BLOCK_CAPTURE_AUTORELEASING = YES;
				CLANG_WARN_BOOL_CONVERSION = YES;
				CLANG_WARN_COMMA = YES;
				CLANG_WARN_CONSTANT_CONVERSION = YES;
				CLANG_WARN_DEPRECATED_OBJC_IMPLEMENTATIONS = YES;
				CLANG_WARN_DIRECT_OBJC_ISA_USAGE = YES_ERROR;
				CLANG_WARN_DOCUMENTATION_COMMENTS = YES;
				CLANG_WARN_EMPTY_BODY = YES;
				CLANG_WARN_ENUM_CONVERSION = YES;
				CLANG_WARN_INFINITE_RECURSION = YES;
				CLANG_WARN_INT_CONVERSION = YES;
				CLANG_WARN_NON_LITERAL_NULL_CONVERSION = YES;
				CLANG_WARN_OBJC_IMPLICIT_RETAIN_SELF = YES;
				CLANG_WARN_OBJC_LITERAL_CONVERSION = YES;
				CLANG_WARN_OBJC_ROOT_CLASS = YES_ERROR;
				CLANG_WARN_QUOTED_INCLUDE_IN_FRAMEWORK_HEADER = YES;
				CLANG_WARN_RANGE_LOOP_ANALYSIS = YES;
				CLANG_WARN_STRICT_PROTOTYPES = YES;
				CLANG_WARN_SUSPICIOUS_MOVE = YES;
				CLANG_WARN_UNGUARDED_AVAILABILITY = YES_AGGRESSIVE;
				CLANG_WARN_UNREACHABLE_CODE = YES;
				CLANG_WARN__DUPLICATE_METHOD_MATCH = YES;
				COPY_PHASE_STRIP = NO;
				CURRENT_PROJECT_VERSION = 1;
				DEBUG_INFORMATION_FORMAT = "dwarf-with-dsym";
				ENABLE_NS_ASSERTIONS = NO;
				ENABLE_STRICT_OBJC_MSGSEND = YES;
				ENABLE_USER_SCRIPT_SANDBOXING = YES;
				GCC_C_LANGUAGE_STANDARD = gnu17;
				GCC_NO_COMMON_BLOCKS = YES;
				GCC_WARN_64_TO_32_BIT_CONVERSION = YES;
				GCC_WARN_ABOUT_RETURN_TYPE = YES_ERROR;
				GCC_WARN_UNDECLARED_SELECTOR = YES;
				GCC_WARN_UNINITIALIZED_AUTOS = YES_AGGRESSIVE;
				GCC_WARN_UNUSED_FUNCTION = YES;
				GCC_WARN_UNUSED_VARIABLE = YES;
				IPHONEOS_DEPLOYMENT_TARGET = 17.2;
				LOCALIZATION_PREFERS_STRING_CATALOGS = YES;
				MTL_ENABLE_DEBUG_INFO = NO;
				MTL_FAST_MATH = YES;
				SDKROOT = iphoneos;
				VALIDATE_PRODUCT = YES;
				VERSIONING_SYSTEM = "apple-generic";
				VERSION_INFO_PREFIX = "";
			};
			name = Release;
		};
		F1DBF2572C48BBE10017764B /* Debug */ = {
			isa = XCBuildConfiguration;
			buildSettings = {
				CODE_SIGN_STYLE = Automatic;
				CURRENT_PROJECT_VERSION = 1;
				DEFINES_MODULE = YES;
				DEVELOPMENT_TEAM = S6UQPQ9V64;
				DYLIB_COMPATIBILITY_VERSION = 1;
				DYLIB_CURRENT_VERSION = 1;
				DYLIB_INSTALL_NAME_BASE = "@rpath";
				ENABLE_MODULE_VERIFIER = YES;
				GENERATE_INFOPLIST_FILE = YES;
				INFOPLIST_KEY_NSHumanReadableCopyright = "";
				INSTALL_PATH = "$(LOCAL_LIBRARY_DIR)/Frameworks";
				LD_RUNPATH_SEARCH_PATHS = (
					"$(inherited)",
					"@executable_path/Frameworks",
					"@loader_path/Frameworks",
				);
				MARKETING_VERSION = 1.0;
				MODULE_VERIFIER_SUPPORTED_LANGUAGES = "objective-c objective-c++";
				MODULE_VERIFIER_SUPPORTED_LANGUAGE_STANDARDS = "gnu17 gnu++20";
				PRODUCT_BUNDLE_IDENTIFIER = com.shanghaionstar.onstarwatchapp.watchkitapp.SOSSDK;
				PRODUCT_NAME = "$(TARGET_NAME:c99extidentifier)";
				SKIP_INSTALL = YES;
				SWIFT_EMIT_LOC_STRINGS = YES;
				TARGETED_DEVICE_FAMILY = "1,2";
			};
			name = Debug;
		};
		F1DBF2582C48BBE10017764B /* Release */ = {
			isa = XCBuildConfiguration;
			buildSettings = {
				CODE_SIGN_STYLE = Automatic;
				CURRENT_PROJECT_VERSION = 1;
				DEFINES_MODULE = YES;
				DEVELOPMENT_TEAM = S6UQPQ9V64;
				DYLIB_COMPATIBILITY_VERSION = 1;
				DYLIB_CURRENT_VERSION = 1;
				DYLIB_INSTALL_NAME_BASE = "@rpath";
				ENABLE_MODULE_VERIFIER = YES;
				GENERATE_INFOPLIST_FILE = YES;
				INFOPLIST_KEY_NSHumanReadableCopyright = "";
				INSTALL_PATH = "$(LOCAL_LIBRARY_DIR)/Frameworks";
				LD_RUNPATH_SEARCH_PATHS = (
					"$(inherited)",
					"@executable_path/Frameworks",
					"@loader_path/Frameworks",
				);
				MARKETING_VERSION = 1.0;
				MODULE_VERIFIER_SUPPORTED_LANGUAGES = "objective-c objective-c++";
				MODULE_VERIFIER_SUPPORTED_LANGUAGE_STANDARDS = "gnu17 gnu++20";
				PRODUCT_BUNDLE_IDENTIFIER = com.shanghaionstar.onstarwatchapp.watchkitapp.SOSSDK;
				PRODUCT_NAME = "$(TARGET_NAME:c99extidentifier)";
				SKIP_INSTALL = YES;
				SWIFT_EMIT_LOC_STRINGS = YES;
				TARGETED_DEVICE_FAMILY = "1,2";
			};
			name = Release;
		};
		F1DBF25A2C48BBE10017764B /* Debug */ = {
			isa = XCBuildConfiguration;
			buildSettings = {
				CODE_SIGN_STYLE = Automatic;
				CURRENT_PROJECT_VERSION = 1;
				DEVELOPMENT_TEAM = S6UQPQ9V64;
				GENERATE_INFOPLIST_FILE = YES;
				MARKETING_VERSION = 1.0;
				PRODUCT_BUNDLE_IDENTIFIER = com.shanghaionstar.onstarwatchapp.watchkitapp.SOSSDKTests;
				PRODUCT_NAME = "$(TARGET_NAME)";
				SWIFT_EMIT_LOC_STRINGS = NO;
				TARGETED_DEVICE_FAMILY = "1,2";
			};
			name = Debug;
		};
		F1DBF25B2C48BBE10017764B /* Release */ = {
			isa = XCBuildConfiguration;
			buildSettings = {
				CODE_SIGN_STYLE = Automatic;
				CURRENT_PROJECT_VERSION = 1;
				DEVELOPMENT_TEAM = S6UQPQ9V64;
				GENERATE_INFOPLIST_FILE = YES;
				MARKETING_VERSION = 1.0;
				PRODUCT_BUNDLE_IDENTIFIER = com.shanghaionstar.onstarwatchapp.watchkitapp.SOSSDKTests;
				PRODUCT_NAME = "$(TARGET_NAME)";
				SWIFT_EMIT_LOC_STRINGS = NO;
				TARGETED_DEVICE_FAMILY = "1,2";
			};
			name = Release;
		};
/* End XCBuildConfiguration section */

/* Begin XCConfigurationList section */
		F1DBF23C2C48BBE10017764B /* Build configuration list for PBXProject "SOSSDK" */ = {
			isa = XCConfigurationList;
			buildConfigurations = (
				F1DBF2542C48BBE10017764B /* Debug */,
				F1DBF2552C48BBE10017764B /* Release */,
			);
			defaultConfigurationIsVisible = 0;
			defaultConfigurationName = Release;
		};
		F1DBF2562C48BBE10017764B /* Build configuration list for PBXNativeTarget "SOSSDK" */ = {
			isa = XCConfigurationList;
			buildConfigurations = (
				F1DBF2572C48BBE10017764B /* Debug */,
				F1DBF2582C48BBE10017764B /* Release */,
			);
			defaultConfigurationIsVisible = 0;
			defaultConfigurationName = Release;
		};
		F1DBF2592C48BBE10017764B /* Build configuration list for PBXNativeTarget "SOSSDKTests" */ = {
			isa = XCConfigurationList;
			buildConfigurations = (
				F1DBF25A2C48BBE10017764B /* Debug */,
				F1DBF25B2C48BBE10017764B /* Release */,
			);
			defaultConfigurationIsVisible = 0;
			defaultConfigurationName = Release;
		};
/* End XCConfigurationList section */
	};
	rootObject = F1DBF2392C48BBE10017764B /* Project object */;
}
